{
  "name": "muya",
  "version": "0.0.1",
  "lockfileVersion": 1,
  "requires": true,
  "dependencies": {
    "ot-json0": {
      "version": "1.1.0",
      "resolved": "https://registry.npmjs.org/ot-json0/-/ot-json0-1.1.0.tgz",
      "integrity": "sha512-wf5fci7GGpMYRDnbbdIFQymvhsbFACMHtxjivQo5KgvAHlxekyfJ9aPsRr6YfFQthQkk4bmsl5yESrZwC/oMYQ=="
    }
  }
}
